
Microsoft Visual Studio Solution File, Format Version 12.00
# Visual Studio 15
VisualStudioVersion = 15.0.28307.329
MinimumVisualStudioVersion = 10.0.40219.1
Project("{FAE04EC0-301F-11D3-BF4B-00C04F79EFBC}") = "Task2", "Task2\Task2.csproj", "{D048C8CB-FDA2-4960-8023-8E9361C0D048}"
EndProject
Global
	GlobalSection(SolutionConfigurationPlatforms) = preSolution
		Debug|Any CPU = Debug|Any CPU
		Release|Any CPU = Release|Any CPU
	EndGlobalSection
	GlobalSection(ProjectConfigurationPlatforms) = postSolution
		{D048C8CB-FDA2-4960-8023-8E9361C0D048}.Debug|Any CPU.ActiveCfg = Debug|Any CPU
		{D048C8CB-FDA2-4960-8023-8E9361C0D048}.Debug|Any CPU.Build.0 = Debug|Any CPU
		{D048C8CB-FDA2-4960-8023-8E9361C0D048}.Release|Any CPU.ActiveCfg = Release|Any CPU
		{D048C8CB-FDA2-4960-8023-8E9361C0D048}.Release|Any CPU.Build.0 = Release|Any CPU
	EndGlobalSection
	GlobalSection(SolutionProperties) = preSolution
		HideSolutionNode = FALSE
	EndGlobalSection
	GlobalSection(ExtensibilityGlobals) = postSolution
		SolutionGuid = {4B9F2583-DE48-4D35-B87B-C50324930464}
	EndGlobalSection
EndGlobal
